
Microsoft Visual Studio Solution File, Format Version 12.00
# Visual Studio 2012
Project("{FAE04EC0-301F-11D3-BF4B-00C04F79EFBC}") = "alarm", "alarm\alarm.csproj", "{4E7F13A2-1922-4933-AC93-C99106FE1879}"
EndProject
Global
	GlobalSection(SolutionConfigurationPlatforms) = preSolution
		Debug|Any CPU = Debug|Any CPU
		Release|Any CPU = Release|Any CPU
	EndGlobalSection
	GlobalSection(ProjectConfigurationPlatforms) = postSolution
		{4E7F13A2-1922-4933-AC93-C99106FE1879}.Debug|Any CPU.ActiveCfg = Debug|Any CPU
		{4E7F13A2-1922-4933-AC93-C99106FE1879}.Debug|Any CPU.Build.0 = Debug|Any CPU
		{4E7F13A2-1922-4933-AC93-C99106FE1879}.Release|Any CPU.ActiveCfg = Release|Any CPU
		{4E7F13A2-1922-4933-AC93-C99106FE1879}.Release|Any CPU.Build.0 = Release|Any CPU
	EndGlobalSection
	GlobalSection(SolutionProperties) = preSolution
		HideSolutionNode = FALSE
	EndGlobalSection
EndGlobal
